
Microsoft Visual Studio Solution File, Format Version 12.00
# Visual Studio Version 16
VisualStudioVersion = 16.0.30523.141
MinimumVisualStudioVersion = 10.0.40219.1
Project("{FAE04EC0-301F-11D3-BF4B-00C04F79EFBC}") = "FIPCapture", "FIPCapture\FIPCapture.csproj", "{3779DE88-8A46-4C8B-B297-17433FAF8E13}"
EndProject
Global
	GlobalSection(SolutionConfigurationPlatforms) = preSolution
		Debug|Any CPU = Debug|Any CPU
		Release|Any CPU = Release|Any CPU
	EndGlobalSection
	GlobalSection(ProjectConfigurationPlatforms) = postSolution
		{3779DE88-8A46-4C8B-B297-17433FAF8E13}.Debug|Any CPU.ActiveCfg = Debug|Any CPU
		{3779DE88-8A46-4C8B-B297-17433FAF8E13}.Debug|Any CPU.Build.0 = Debug|Any CPU
		{3779DE88-8A46-4C8B-B297-17433FAF8E13}.Release|Any CPU.ActiveCfg = Release|Any CPU
		{3779DE88-8A46-4C8B-B297-17433FAF8E13}.Release|Any CPU.Build.0 = Release|Any CPU
	EndGlobalSection
	GlobalSection(SolutionProperties) = preSolution
		HideSolutionNode = FALSE
	EndGlobalSection
	GlobalSection(ExtensibilityGlobals) = postSolution
		SolutionGuid = {20AD32DD-E499-4378-A8C8-E8F2573CA34D}
	EndGlobalSection
EndGlobal
